dependencies:
  mdsvex: 0.8.9_svelte@3.31.0
  svelte-spa-router: 3.1.0
devDependencies:
  '@mmmapper/components': 'link:..'
  '@rollup/plugin-commonjs': 17.0.0_rollup@2.34.2
  '@rollup/plugin-node-resolve': 11.0.0_rollup@2.34.2
  autoprefixer: 10.1.0_postcss@8.2.1
  postcss: 8.2.1
  rollup: 2.34.2
  rollup-plugin-css-only: 3.0.0_rollup@2.34.2
  rollup-plugin-livereload: 2.0.0
  rollup-plugin-node-polyfills: 0.2.1
  rollup-plugin-svelte: 7.0.0_rollup@2.34.2+svelte@3.31.0
  rollup-plugin-terser: 7.0.2_rollup@2.34.2
  sirv-cli: 1.0.10
  svelte: 3.31.0
  svelte-preprocess: 4.6.1_postcss@8.2.1+svelte@3.31.0
  tailwindcss: 2.0.2_80f3d67eed96b2b2e18887ea575f44dd
lockfileVersion: 5.2
packages:
  /@babel/code-frame/7.10.4:
    dependencies:
      '@babel/highlight': 7.10.4
    dev: true
    resolution:
      integrity: sha512-vG6SvB6oYEhvgisZNFRmRCUkLz11c7rp+tbNTynGqc6mS1d5ATd/sGyV6W0KZZnXRKMTzZDRgQT3Ou9jhpAfUg==
  /@babel/helper-validator-identifier/7.10.4:
    dev: true
    resolution:
      integrity: sha512-3U9y+43hz7ZM+rzG24Qe2mufW5KhvFg/NhnNph+i9mgCtdTCtMJuI1TMkrIUiK7Ix4PYlRF9I5dhqaLYA/ADXw==
  /@babel/highlight/7.10.4:
    dependencies:
      '@babel/helper-validator-identifier': 7.10.4
      chalk: 2.4.2
      js-tokens: 4.0.0
    dev: true
    resolution:
      integrity: sha512-i6rgnR/YgPEQzZZnbTHHuZdlE8qyoBNalD6F+q4vAFlcMEcqmkoG+mPqJYJCo63qPf74+Y1UZsl3l6f7/RIkmA==
  /@fullhuman/postcss-purgecss/3.0.0:
    dependencies:
      postcss: 7.0.32
      purgecss: 3.0.0
    dev: true
    resolution:
      integrity: sha512-cvuOgMwIVlfgWcUMqg5p33NbGUxLwMrKtDKkm3QRfOo4PRVNR6+y/xd9OyXTVZiB1bIpKNJ0ZObYPWD3DRQDtw==
  /@polka/url/1.0.0-next.11:
    dev: true
    resolution:
      integrity: sha512-3NsZsJIA/22P3QUyrEDNA2D133H4j224twJrdipXN38dpnIOzAbUDtOwkcJ5pXmn75w7LSQDjA4tO9dm1XlqlA==
  /@rollup/plugin-commonjs/17.0.0_rollup@2.34.2:
    dependencies:
      '@rollup/pluginutils': 3.1.0_rollup@2.34.2
      commondir: 1.0.1
      estree-walker: 2.0.2
      glob: 7.1.6
      is-reference: 1.2.1
      magic-string: 0.25.7
      resolve: 1.19.0
      rollup: 2.34.2
    dev: true
    engines:
      node: '>= 8.0.0'
    peerDependencies:
      rollup: ^2.30.0
    resolution:
      integrity: sha512-/omBIJG1nHQc+bgkYDuLpb/V08QyutP9amOrJRUSlYJZP+b/68gM//D8sxJe3Yry2QnYIr3QjR3x4AlxJEN3GA==
  /@rollup/plugin-node-resolve/11.0.0_rollup@2.34.2:
    dependencies:
      '@rollup/pluginutils': 3.1.0_rollup@2.34.2
      '@types/resolve': 1.17.1
      builtin-modules: 3.1.0
      deepmerge: 4.2.2
      is-module: 1.0.0
      resolve: 1.19.0
      rollup: 2.34.2
    dev: true
    engines:
      node: '>= 10.0.0'
    peerDependencies:
      rollup: ^1.20.0||^2.0.0
    resolution:
      integrity: sha512-8Hrmwjn1pLYjUxcv7U7IPP0qfnzEJWHyHE6CaZ8jbLM+8axaarJRB1jB6JgKTDp5gNga+TpsgX6F8iuvgOerKQ==
  /@rollup/pluginutils/3.1.0_rollup@2.34.2:
    dependencies:
      '@types/estree': 0.0.39
      estree-walker: 1.0.1
      picomatch: 2.2.2
      rollup: 2.34.2
    dev: true
    engines:
      node: '>= 8.0.0'
    peerDependencies:
      rollup: ^1.20.0||^2.0.0
    resolution:
      integrity: sha512-GksZ6pr6TpIjHm8h9lSQ8pi8BE9VeubNT0OMJ3B5uZJ8pz73NPiqOtCog/x2/QzM1ENChPKxMDhiQuRHsqc+lg==
  /@rollup/pluginutils/4.1.0_rollup@2.34.2:
    dependencies:
      estree-walker: 2.0.2
      picomatch: 2.2.2
      rollup: 2.34.2
    dev: true
    engines:
      node: '>= 8.0.0'
    peerDependencies:
      rollup: ^1.20.0||^2.0.0
    resolution:
      integrity: sha512-TrBhfJkFxA+ER+ew2U2/fHbebhLT/l/2pRk0hfj9KusXUuRXd2v0R58AfaZK9VXDQ4TogOSEmICVrQAA3zFnHQ==
  /@types/estree/0.0.39:
    dev: true
    resolution:
      integrity: sha512-EYNwp3bU+98cpU4lAWYYL7Zz+2gryWH1qbdDTidVd6hkiR6weksdbMadyXKXNPEkQFhXM+hVO9ZygomHXp+AIw==
  /@types/estree/0.0.45:
    dev: true
    resolution:
      integrity: sha512-jnqIUKDUqJbDIUxm0Uj7bnlMnRm1T/eZ9N+AVMqhPgzrba2GhGG5o/jCTwmdPK709nEZsGoMzXEDUjcXHa3W0g==
  /@types/node/14.14.13:
    dev: true
    resolution:
      integrity: sha512-vbxr0VZ8exFMMAjCW8rJwaya0dMCDyYW2ZRdTyjtrCvJoENMpdUHOT/eTzvgyA5ZnqRZ/sI0NwqAxNHKYokLJQ==
  /@types/pug/2.0.4:
    dev: true
    resolution:
      integrity: sha1-h3L80EGOPNLMFxVV1zAHQVBR9LI=
  /@types/resolve/1.17.1:
    dependencies:
      '@types/node': 14.14.13
    dev: true
    resolution:
      integrity: sha512-yy7HuzQhj0dhGpD8RLXSZWEkLsV9ibvxvi6EiJ3bkqLAO1RGo0WbkWQiwpRlSFymTJRz0d3k5LM3kkx8ArDbLw==
  /@types/sass/1.16.0:
    dependencies:
      '@types/node': 14.14.13
    dev: true
    resolution:
      integrity: sha512-2XZovu4NwcqmtZtsBR5XYLw18T8cBCnU2USFHTnYLLHz9fkhnoEMoDsqShJIOFsFhn5aJHjweiUUdTrDGujegA==
  /@types/unist/2.0.3:
    dev: false
    resolution:
      integrity: sha512-FvUupuM3rlRsRtCN+fDudtmytGO6iHJuuRKS1Ss0pG5z8oX0diNEw94UEL7hgDbpN94rgaK5R7sWm6RrSkZuAQ==
  /acorn-node/1.8.2:
    dependencies:
      acorn: 7.4.1
      acorn-walk: 7.2.0
      xtend: 4.0.2
    dev: true
    resolution:
      integrity: sha512-8mt+fslDufLYntIoPAaIMUe/lrbrehIiwmR3t2k9LljIzoigEPF27eLk2hy8zSGzmR/ogr7zbRKINMo1u0yh5A==
  /acorn-walk/7.2.0:
    dev: true
    engines:
      node: '>=0.4.0'
    resolution:
      integrity: sha512-OPdCF6GsMIP+Az+aWfAAOEt2/+iVDKE7oy6lJ098aoe59oAmK76qV6Gw60SbZ8jHuG2wH058GF4pLFbYamYrVA==
  /acorn/7.4.1:
    dev: true
    engines:
      node: '>=0.4.0'
    hasBin: true
    resolution:
      integrity: sha512-nQyp0o1/mNdbTO1PO6kHkwSrmgZ0MT/jCCpNiwbUjGoRN4dlBhqJtoQuCnEOKzgTVwg0ZWiCoQy6SxMebQVh8A==
  /ansi-styles/3.2.1:
    dependencies:
      color-convert: 1.9.3
    dev: true
    engines:
      node: '>=4'
    resolution:
      integrity: sha512-VT0ZI6kZRdTh8YyJw3SMbYm/u+NqfsAxEpWO0Pf9sq8/e94WxxOpPKx9FR1FlyCtOVDNOQ+8ntlqFxiRc+r5qA==
  /ansi-styles/4.3.0:
    dependencies:
      color-convert: 2.0.1
    dev: true
    engines:
      node: '>=8'
    resolution:
      integrity: sha512-zbB9rCJAT1rbjiVDb2hqKFHNYLxgtk8NURxZ3IZwD3F6NtxbXZQCnnSi1Lkx+IDohdPlFp222wVALIheZJQSEg==
  /anymatch/3.1.1:
    dependencies:
      normalize-path: 3.0.0
      picomatch: 2.2.2
    dev: true
    engines:
      node: '>= 8'
    resolution:
      integrity: sha512-mM8522psRCqzV+6LhomX5wgp25YVibjh8Wj23I5RPkPppSVSjyKD2A2mBJmWGa+KN7f2D6LNh9jkBCeyLktzjg==
  /async-limiter/1.0.1:
    dev: true
    resolution:
      integrity: sha512-csOlWGAcRFJaI6m+F2WKdnMKr4HhdhFVBk0H/QbJFMCr+uO2kwohwXQPxw/9OCxp05r5ghVBFSyioixx3gfkNQ==
  /at-least-node/1.0.0:
    dev: true
    engines:
      node: '>= 4.0.0'
    resolution:
      integrity: sha512-+q/t7Ekv1EDY2l6Gda6LLiX14rU9TV20Wa3ofeQmwPFZbOMo9DXrLbOjFaaclkXKWidIaopwAObQDqwWtGUjqg==
  /autoprefixer/10.1.0_postcss@8.2.1:
    dependencies:
      browserslist: 4.16.0
      caniuse-lite: 1.0.30001165
      colorette: 1.2.1
      fraction.js: 4.0.12
      normalize-range: 0.1.2
      postcss: 8.2.1
      postcss-value-parser: 4.1.0
    dev: true
    engines:
      node: ^10 || ^12 || >=14
    hasBin: true
    peerDependencies:
      postcss: ^8.1.0
    resolution:
      integrity: sha512-0/lBNwN+ZUnb5su18NZo5MBIjDaq6boQKZcxwy86Gip/CmXA2zZqUoFQLCNAGI5P25ZWSP2RWdhDJ8osfKEjoQ==
  /balanced-match/1.0.0:
    dev: true
    resolution:
      integrity: sha1-ibTRmasr7kneFk6gK4nORi1xt2c=
  /binary-extensions/2.1.0:
    dev: true
    engines:
      node: '>=8'
    resolution:
      integrity: sha512-1Yj8h9Q+QDF5FzhMs/c9+6UntbD5MkRfRwac8DoEm9ZfUBZ7tZ55YcGVAzEe4bXsdQHEk+s9S5wsOKVdZrw0tQ==
  /brace-expansion/1.1.11:
    dependencies:
      balanced-match: 1.0.0
      concat-map: 0.0.1
    dev: true
    resolution:
      integrity: sha512-iCuPHDFgrHX7H2vEI/5xpz07zSHB00TpugqhmYtVmMO6518mCuRMoOYFldEBl0g187ufozdaHgWKcYFb61qGiA==
  /braces/3.0.2:
    dependencies:
      fill-range: 7.0.1
    dev: true
    engines:
      node: '>=8'
    resolution:
      integrity: sha512-b8um+L1RzM3WDSzvhm6gIz1yfTbBt6YTlcEKAvsmqCZZFw46z626lVj9j1yEPW33H5H+lBQpZMP1k8l+78Ha0A==
  /browserslist/4.16.0:
    dependencies:
      caniuse-lite: 1.0.30001165
      colorette: 1.2.1
      electron-to-chromium: 1.3.625
      escalade: 3.1.1
      node-releases: 1.1.67
    dev: true
    engines:
      node: ^6 || ^7 || ^8 || ^9 || ^10 || ^11 || ^12 || >=13.7
    hasBin: true
    resolution:
      integrity: sha512-/j6k8R0p3nxOC6kx5JGAxsnhc9ixaWJfYc+TNTzxg6+ARaESAvQGV7h0uNOB4t+pLQJZWzcrMxXOxjgsCj3dqQ==
  /buffer-from/1.1.1:
    dev: true
    resolution:
      integrity: sha512-MQcXEUbCKtEo7bhqEs6560Hyd4XaovZlO/k9V3hjVUF/zwW7KBVdSK4gIt/bzwS9MbR5qob+F5jusZsb0YQK2A==
  /builtin-modules/3.1.0:
    dev: true
    engines:
      node: '>=6'
    resolution:
      integrity: sha512-k0KL0aWZuBt2lrxrcASWDfwOLMnodeQjodT/1SxEQAXsHANgo6ZC/VEaSEHCXt7aSTZ4/4H5LKa+tBXmW7Vtvw==
  /bytes/3.1.0:
    dev: true
    engines:
      node: '>= 0.8'
    resolution:
      integrity: sha512-zauLjrfCG+xvoyaqLoV8bLVXXNGC4JqlxFCutSDWA6fJrTo2ZuvLYTqZ7aHBLZSMOopbzwv8f+wZcVzfVTI2Dg==
  /camelcase-css/2.0.1:
    dev: true
    engines:
      node: '>= 6'
    resolution:
      integrity: sha512-QOSvevhslijgYwRx6Rv7zKdMF8lbRmx+uQGx2+vDc+KI/eBnsy9kit5aj23AgGu3pa4t9AgwbnXWqS+iOY+2aA==
  /caniuse-lite/1.0.30001165:
    dev: true
    resolution:
      integrity: sha512-8cEsSMwXfx7lWSUMA2s08z9dIgsnR5NAqjXP23stdsU3AUWkCr/rr4s4OFtHXn5XXr6+7kam3QFVoYyXNPdJPA==
  /chalk/2.4.2:
    dependencies:
      ansi-styles: 3.2.1
      escape-string-regexp: 1.0.5
      supports-color: 5.5.0
    dev: true
    engines:
      node: '>=4'
    resolution:
      integrity: sha512-Mti+f9lpJNcwF4tWV8/OrTTtF1gZi+f8FqlyAdouralcFWFQWF2+NgCHShjkCb+IFBLq9buZwE1xckQU4peSuQ==
  /chalk/4.1.0:
    dependencies:
      ansi-styles: 4.3.0
      supports-color: 7.2.0
    dev: true
    engines:
      node: '>=10'
    resolution:
      integrity: sha512-qwx12AxXe2Q5xQ43Ac//I6v5aXTipYrSESdOgzrN+9XjgEpyjpKuvSGaN4qE93f7TQTlerQQ8S+EQ0EyDoVL1A==
  /chokidar/3.4.3:
    dependencies:
      anymatch: 3.1.1
      braces: 3.0.2
      glob-parent: 5.1.1
      is-binary-path: 2.1.0
      is-glob: 4.0.1
      normalize-path: 3.0.0
      readdirp: 3.5.0
    dev: true
    engines:
      node: '>= 8.10.0'
    optionalDependencies:
      fsevents: 2.1.3
    resolution:
      integrity: sha512-DtM3g7juCXQxFVSNPNByEC2+NImtBuxQQvWlHunpJIS5Ocr0lG306cC7FCi7cEA0fzmybPUIl4txBIobk1gGOQ==
  /clipboard/2.0.6:
    dependencies:
      good-listener: 1.2.2
      select: 1.1.2
      tiny-emitter: 2.1.0
    dev: false
    optional: true
    resolution:
      integrity: sha512-g5zbiixBRk/wyKakSwCKd7vQXDjFnAMGHoEyBogG/bw9kTD9GvdAvaoRR1ALcEzt3pVKxZR0pViekPMIS0QyGg==
  /color-convert/1.9.3:
    dependencies:
      color-name: 1.1.3
    dev: true
    resolution:
      integrity: sha512-QfAUtd+vFdAtFQcC8CCyYt1fYWxSqAiK2cSD6zDB8N3cpsEBAvRxp9zOGg6G/SHHJYAT88/az/IuDGALsNVbGg==
  /color-convert/2.0.1:
    dependencies:
      color-name: 1.1.4
    dev: true
    engines:
      node: '>=7.0.0'
    resolution:
      integrity: sha512-RRECPsj7iu/xb5oKYcsFHSppFNnsj/52OVTRKb4zP5onXwVF3zVmmToNcOfGC+CRDpfK/U584fMg38ZHCaElKQ==
  /color-name/1.1.3:
    dev: true
    resolution:
      integrity: sha1-p9BVi9icQveV3UIyj3QIMcpTvCU=
  /color-name/1.1.4:
    dev: true
    resolution:
      integrity: sha512-dOy+3AuW3a2wNbZHIuMZpTcgjGuLU/uBL/ubcZF9OXbDo8ff4O8yVp5Bf0efS8uEoYo5q4Fx7dY9OgQGXgAsQA==
  /color-string/1.5.4:
    dependencies:
      color-name: 1.1.4
      simple-swizzle: 0.2.2
    dev: true
    resolution:
      integrity: sha512-57yF5yt8Xa3czSEW1jfQDE79Idk0+AkN/4KWad6tbdxUmAs3MvjxlWSWD4deYytcRfoZ9nhKyFl1kj5tBvidbw==
  /color/3.1.3:
    dependencies:
      color-convert: 1.9.3
      color-string: 1.5.4
    dev: true
    resolution:
      integrity: sha512-xgXAcTHa2HeFCGLE9Xs/R82hujGtu9Jd9x4NW3T34+OMs7VoPsjwzRczKHvTAHeJwWFwX5j15+MgAppE8ztObQ==
  /colorette/1.2.1:
    dev: true
    resolution:
      integrity: sha512-puCDz0CzydiSYOrnXpz/PKd69zRrribezjtE9yd4zvytoRc8+RY/KJPvtPFKZS3E3wP6neGyMe0vOTlHO5L3Pw==
  /commander/2.20.3:
    dev: true
    resolution:
      integrity: sha512-GpVkmM8vF2vQUkj2LvZmD35JxeJOLCwJ9cUkugyk2nuhbv3+mJvpLYYt+0+USMxE+oj+ey/lJEnhZw75x/OMcQ==
  /commander/6.2.0:
    dev: true
    engines:
      node: '>= 6'
    resolution:
      integrity: sha512-zP4jEKbe8SHzKJYQmq8Y9gYjtO/POJLgIdKgV7B9qNmABVFVc+ctqSX6iXh4mCpJfRBOabiZ2YKPg8ciDw6C+Q==
  /commondir/1.0.1:
    dev: true
    resolution:
      integrity: sha1-3dgA2gxmEnOTzKWVDqloo6rxJTs=
  /concat-map/0.0.1:
    dev: true
    resolution:
      integrity: sha1-2Klr13/Wjfd5OnMDajug1UBdR3s=
  /console-clear/1.1.1:
    dev: true
    engines:
      node: '>=4'
    resolution:
      integrity: sha512-pMD+MVR538ipqkG5JXeOEbKWS5um1H4LUUccUQG68qpeqBYbzYy79Gh55jkd2TtPdRfUaLWdv6LPP//5Zt0aPQ==
  /css-unit-converter/1.1.2:
    dev: true
    resolution:
      integrity: sha512-IiJwMC8rdZE0+xiEZHeru6YoONC4rfPMqGm2W85jMIbkFvv5nFTwJVFHam2eFrN6txmoUYFAFXiv8ICVeTO0MA==
  /cssesc/3.0.0:
    dev: true
    engines:
      node: '>=4'
    hasBin: true
    resolution:
      integrity: sha512-/Tb/JcjK111nNScGob5MNtsntNM1aCNUDipB/TkwZFhyDrrE47SOx/18wF2bbjgc3ZzCSKW1T5nt5EbFoAz/Vg==
  /deepmerge/4.2.2:
    dev: true
    engines:
      node: '>=0.10.0'
    resolution:
      integrity: sha512-FJ3UgI4gIl+PHZm53knsuSFpE+nESMr7M4v9QcgB7S63Kj/6WqMiFQJpBBYz1Pt+66bZpP3Q7Lye0Oo9MPKEdg==
  /defined/1.0.0:
    dev: true
    resolution:
      integrity: sha1-yY2bzvdWdBiOEQlpFRGZ45sfppM=
  /delegate/3.2.0:
    dev: false
    optional: true
    resolution:
      integrity: sha512-IofjkYBZaZivn0V8nnsMJGBr4jVLxHDheKSW88PyxS5QC4Vo9ZbZVvhzlSxY87fVq3STR6r+4cGepyHkcWOQSw==
  /detect-indent/6.0.0:
    dev: true
    engines:
      node: '>=8'
    resolution:
      integrity: sha512-oSyFlqaTHCItVRGK5RmrmjB+CmaMOW7IaNA/kdxqhoa6d17j/5ce9O9eWXmV/KEdRwqpQA+Vqe8a8Bsybu4YnA==
  /detective/5.2.0:
    dependencies:
      acorn-node: 1.8.2
      defined: 1.0.0
      minimist: 1.2.5
    dev: true
    engines:
      node: '>=0.8.0'
    hasBin: true
    resolution:
      integrity: sha512-6SsIx+nUUbuK0EthKjv0zrdnajCCXVYGmbYYiYjFVpzcjwEs/JMDZ8tPRG29J/HhN56t3GJp2cGSWDRjjot8Pg==
  /didyoumean/1.2.1:
    dev: true
    resolution:
      integrity: sha1-6S7f2tplN9SE1zwBcv0eugxJdv8=
  /electron-to-chromium/1.3.625:
    dev: true
    resolution:
      integrity: sha512-CsLk/r0C9dAzVPa9QF74HIXduxaucsaRfqiOYvIv2PRhvyC6EOqc/KbpgToQuDVgPf3sNAFZi3iBu4vpGOwGag==
  /escalade/3.1.1:
    dev: true
    engines:
      node: '>=6'
    resolution:
      integrity: sha512-k0er2gUkLf8O0zKJiAhmkTnJlTvINGv7ygDNPbeIsX/TJjGJZHuh9B2UxbsaEkmlEo9MfhrSzmhIlhRlI2GXnw==
  /escape-string-regexp/1.0.5:
    dev: true
    engines:
      node: '>=0.8.0'
    resolution:
      integrity: sha1-G2HAViGQqN/2rjuyzwIAyhMLhtQ=
  /estree-walker/0.6.1:
    dev: true
    resolution:
      integrity: sha512-SqmZANLWS0mnatqbSfRP5g8OXZC12Fgg1IwNtLsyHDzJizORW4khDfjPqJZsemPWBB2uqykUah5YpQ6epsqC/w==
  /estree-walker/1.0.1:
    dev: true
    resolution:
      integrity: sha512-1fMXF3YP4pZZVozF8j/ZLfvnR8NSIljt56UhbZ5PeeDmmGHpgpdwQt7ITlGvYaQukCvuBRMLEiKiYC+oeIg4cg==
  /estree-walker/2.0.2:
    dev: true
    resolution:
      integrity: sha512-Rfkk/Mp/DL7JVje3u18FxFujQlTNR2q6QfMSMB7AvCBx91NGj/ba3kCfza0f6dVDbw7YlRf/nDrn7pQrCCyQ/w==
  /fill-range/7.0.1:
    dependencies:
      to-regex-range: 5.0.1
    dev: true
    engines:
      node: '>=8'
    resolution:
      integrity: sha512-qOo9F+dMUmC2Lcb4BbVvnKJxTPjCm+RRpe4gDuGrzkL7mEVl/djYSu2OdQ2Pa302N4oqkSg9ir6jaLWJ2USVpQ==
  /fraction.js/4.0.12:
    dev: true
    resolution:
      integrity: sha512-8Z1K0VTG4hzYY7kA/1sj4/r1/RWLBD3xwReT/RCrUCbzPszjNQCCsy3ktkU/eaEqX3MYa4pY37a52eiBlPMlhA==
  /fs-extra/9.0.1:
    dependencies:
      at-least-node: 1.0.0
      graceful-fs: 4.2.4
      jsonfile: 6.1.0
      universalify: 1.0.0
    dev: true
    engines:
      node: '>=10'
    resolution:
      integrity: sha512-h2iAoN838FqAFJY2/qVpzFXy+EBxfVE220PalAqQLDVsFOHLJrZvut5puAbCdNv6WJk+B8ihI+k0c7JK5erwqQ==
  /fs.realpath/1.0.0:
    dev: true
    resolution:
      integrity: sha1-FQStJSMVjKpA20onh8sBQRmU6k8=
  /fsevents/2.1.3:
    dev: true
    engines:
      node: ^8.16.0 || ^10.6.0 || >=11.0.0
    optional: true
    os:
      - darwin
    resolution:
      integrity: sha512-Auw9a4AxqWpa9GUfj370BMPzzyncfBABW8Mab7BGWBYDj4Isgq+cDKtx0i6u9jcX9pQDnswsaaOTgTmA5pEjuQ==
  /function-bind/1.1.1:
    dev: true
    resolution:
      integrity: sha512-yIovAzMX49sF8Yl58fSCWJ5svSLuaibPxXQJFLmBObTuCr0Mf1KiPopGM9NiFjiYBCbfaa2Fh6breQ6ANVTI0A==
  /get-port/3.2.0:
    dev: true
    engines:
      node: '>=4'
    resolution:
      integrity: sha1-3Xzn3hh8Bsi/NTeWrHHgmfCYDrw=
  /glob-parent/5.1.1:
    dependencies:
      is-glob: 4.0.1
    dev: true
    engines:
      node: '>= 6'
    resolution:
      integrity: sha512-FnI+VGOpnlGHWZxthPGR+QhR78fuiK0sNLkHQv+bL9fQi57lNNdquIbna/WrfROrolq8GK5Ek6BiMwqL/voRYQ==
  /glob/7.1.6:
    dependencies:
      fs.realpath: 1.0.0
      inflight: 1.0.6
      inherits: 2.0.4
      minimatch: 3.0.4
      once: 1.4.0
      path-is-absolute: 1.0.1
    dev: true
    resolution:
      integrity: sha512-LwaxwyZ72Lk7vZINtNNrywX0ZuLyStrdDtabefZKAY5ZGJhVtgdznluResxNmPitE0SAO+O26sWTHeKSI2wMBA==
  /good-listener/1.2.2:
    dependencies:
      delegate: 3.2.0
    dev: false
    optional: true
    resolution:
      integrity: sha1-1TswzfkxPf+33JoNR3CWqm0UXFA=
  /graceful-fs/4.2.4:
    dev: true
    resolution:
      integrity: sha512-WjKPNJF79dtJAVniUlGGWHYGz2jWxT6VhN/4m1NdkbZ2nOsEF+cI1Edgql5zCRhs/VsQYRvrXctxktVXZUkixw==
  /has-flag/3.0.0:
    dev: true
    engines:
      node: '>=4'
    resolution:
      integrity: sha1-tdRU3CGZriJWmfNGfloH87lVuv0=
  /has-flag/4.0.0:
    dev: true
    engines:
      node: '>=8'
    resolution:
      integrity: sha512-EykJT/Q1KjTWctppgIAgfSO0tKVuZUjhgMr17kqTumMl6Afv3EISleU7qZUzoXDFTAHTDC4NOoG/ZxU3EvlMPQ==
  /has/1.0.3:
    dependencies:
      function-bind: 1.1.1
    dev: true
    engines:
      node: '>= 0.4.0'
    resolution:
      integrity: sha512-f2dvO0VU6Oej7RkWJGrehjbzMAjFp5/VKPp5tTpWIV4JHHZK1/BxbFRtf/siA2SWTe09caDmVtYYzWEIbBS4zw==
  /html-tags/3.1.0:
    dev: true
    engines:
      node: '>=8'
    resolution:
      integrity: sha512-1qYz89hW3lFDEazhjW0yVAV87lw8lVkrJocr72XmBkMKsoSVJCQx3W8BXsC7hO2qAt8BoVjYjtAcZ9perqGnNg==
  /indexes-of/1.0.1:
    dev: true
    resolution:
      integrity: sha1-8w9xbI4r00bHtn0985FVZqfAVgc=
  /inflight/1.0.6:
    dependencies:
      once: 1.4.0
      wrappy: 1.0.2
    dev: true
    resolution:
      integrity: sha1-Sb1jMdfQLQwJvJEKEHW6gWW1bfk=
  /inherits/2.0.4:
    dev: true
    resolution:
      integrity: sha512-k/vGaX4/Yla3WzyMCvTQOXYeIHvqOKtnqBduzTHpzpQZzAskKMhZ2K+EnBiSM9zGSoIFeMpXKxa4dYeZIQqewQ==
  /is-arrayish/0.3.2:
    dev: true
    resolution:
      integrity: sha512-eVRqCvVlZbuw3GrM63ovNSNAeA1K16kaR/LRY/92w0zxQ5/1YzwblUX652i4Xs9RwAGjW9d9y6X88t8OaAJfWQ==
  /is-binary-path/2.1.0:
    dependencies:
      binary-extensions: 2.1.0
    dev: true
    engines:
      node: '>=8'
    resolution:
      integrity: sha512-ZMERYes6pDydyuGidse7OsHxtbI7WVeUEozgR/g7rd0xUimYNlvZRE/K2MgZTjWy725IfelLeVcEM97mmtRGXw==
  /is-core-module/2.2.0:
    dependencies:
      has: 1.0.3
    dev: true
    resolution:
      integrity: sha512-XRAfAdyyY5F5cOXn7hYQDqh2Xmii+DEfIcQGxK/uNwMHhIkPWO0g8msXcbzLe+MpGoR951MlqM/2iIlU4vKDdQ==
  /is-extglob/2.1.1:
    dev: true
    engines:
      node: '>=0.10.0'
    resolution:
      integrity: sha1-qIwCU1eR8C7TfHahueqXc8gz+MI=
  /is-glob/4.0.1:
    dependencies:
      is-extglob: 2.1.1
    dev: true
    engines:
      node: '>=0.10.0'
    resolution:
      integrity: sha512-5G0tKtBTFImOqDnLB2hG6Bp2qcKEFduo4tZu9MT/H6NQv/ghhy30o55ufafxJ/LdH79LLs2Kfrn85TLKyA7BUg==
  /is-module/1.0.0:
    dev: true
    resolution:
      integrity: sha1-Mlj7afeMFNW4FdZkM2tM/7ZEFZE=
  /is-number/7.0.0:
    dev: true
    engines:
      node: '>=0.12.0'
    resolution:
      integrity: sha512-41Cifkg6e8TylSpdtTpeLVMqvSBEVzTttHvERD741+pnZ8ANv0004MRL43QKPDlK9cGvNp6NZWZUBlbGXYxxng==
  /is-reference/1.2.1:
    dependencies:
      '@types/estree': 0.0.45
    dev: true
    resolution:
      integrity: sha512-U82MsXXiFIrjCK4otLT+o2NA2Cd2g5MLoOVXUZjIOhLurrRxpEXzI8O0KZHr3IjLvlAH1kTPYSuqer5T9ZVBKQ==
  /jest-worker/26.6.2:
    dependencies:
      '@types/node': 14.14.13
      merge-stream: 2.0.0
      supports-color: 7.2.0
    dev: true
    engines:
      node: '>= 10.13.0'
    resolution:
      integrity: sha512-KWYVV1c4i+jbMpaBC+U++4Va0cp8OisU185o73T1vo99hqi7w8tSJfUXYswwqqrjzwxa6KpRK54WhPvwf5w6PQ==
  /js-tokens/4.0.0:
    dev: true
    resolution:
      integrity: sha512-RdJUflcE3cUzKiMqQgsCu06FPu9UdIJO0beYbPhHN4k6apgJtifcoCtT9bcxOpYBtpD2kCM6Sbzg4CausW/PKQ==
  /jsonfile/6.1.0:
    dependencies:
      universalify: 2.0.0
    dev: true
    optionalDependencies:
      graceful-fs: 4.2.4
    resolution:
      integrity: sha512-5dgndWOriYSm5cnYaJNhalLNDKOqFwyDB/rr1E9ZsGciGvKPs8R2xYGCacuf3z6K1YKDz182fd+fY3cn3pMqXQ==
  /kleur/3.0.3:
    dev: true
    engines:
      node: '>=6'
    resolution:
      integrity: sha512-eTIzlVOSUR+JxdDFepEYcBMtZ9Qqdef+rnzWdRZuMbOywu5tO2w2N7rqjoANZ5k9vywhL6Br1VRjUIgTQx4E8w==
  /livereload-js/3.3.1:
    dev: true
    resolution:
      integrity: sha512-CBu1gTEfzVhlOK1WASKAAJ9Qx1fHECTq0SUB67sfxwQssopTyvzqTlgl+c0h9pZ6V+Fzd2rc510ppuNusg9teQ==
  /livereload/0.9.1:
    dependencies:
      chokidar: 3.4.3
      livereload-js: 3.3.1
      opts: 2.0.2
      ws: 6.2.1
    dev: true
    engines:
      node: '>=8.0.0'
    hasBin: true
    resolution:
      integrity: sha512-9g7sua11kkyZNo2hLRCG3LuZZwqexoyEyecSlV8cAsfAVVCZqLzVir6XDqmH0r+Vzgnd5LrdHDMyjtFnJQLAYw==
  /local-access/1.1.0:
    dev: true
    engines:
      node: '>=6'
    resolution:
      integrity: sha512-XfegD5pyTAfb+GY6chk283Ox5z8WexG56OvM06RWLpAc/UHozO8X6xAxEkIitZOtsSMM1Yr3DkHgW5W+onLhCw==
  /lodash.toarray/4.4.0:
    dev: true
    resolution:
      integrity: sha1-JMS/zWsvuji/0FlNsRedjptlZWE=
  /lodash/4.17.20:
    dev: true
    resolution:
      integrity: sha512-PlhdFcillOINfeV7Ni6oF1TAEayyZBoZ8bcshTHqOYJYlrqzRK5hagpagky5o4HfCzzd1TRkXPMFq6cKk9rGmA==
  /magic-string/0.25.7:
    dependencies:
      sourcemap-codec: 1.4.8
    dev: true
    resolution:
      integrity: sha512-4CrMT5DOHTDk4HYDlzmwu4FVCcIYI8gauveasrdCu2IKIFOJ3f0v/8MDGJCDL9oD2ppz/Av1b0Nj345H9M+XIA==
  /mdsvex/0.8.9_svelte@3.31.0:
    dependencies:
      '@types/unist': 2.0.3
      prismjs: 1.22.0
      svelte: 3.31.0
      vfile-message: 2.0.4
    dev: false
    peerDependencies:
      svelte: 3.x
    resolution:
      integrity: sha512-9CDBDV29IVNJsJWDlCg1UwascU8QmuHsYEXJH2ZGsf7lCCWUDSwbOmR+I77tm8D2YQrPsbLCLq/UndUMJck3Cw==
  /merge-stream/2.0.0:
    dev: true
    resolution:
      integrity: sha512-abv/qOcuPfk3URPfDzmZU1LKmuw8kT+0nIHvKrKgFrwifol/doWcdA4ZqsWQ8ENrFKkd67Mfpo/LovbIUsbt3w==
  /mime/2.4.6:
    dev: true
    engines:
      node: '>=4.0.0'
    hasBin: true
    resolution:
      integrity: sha512-RZKhC3EmpBchfTGBVb8fb+RL2cWyw/32lshnsETttkBAyAUXSGHxbEJWWRXc751DrIxG1q04b8QwMbAwkRPpUA==
  /min-indent/1.0.1:
    dev: true
    engines:
      node: '>=4'
    resolution:
      integrity: sha512-I9jwMn07Sy/IwOj3zVkVik2JTvgpaykDZEigL6Rx6N9LbMywwUSMtxET+7lVoDLLd3O3IXwJwvuuns8UB/HeAg==
  /minimatch/3.0.4:
    dependencies:
      brace-expansion: 1.1.11
    dev: true
    resolution:
      integrity: sha512-yJHVQEhyqPLUTgt9B83PXu6W3rx4MvvHvSUvToogpwoGDOUQ+yDrR0HRot+yOCdCO7u4hX3pWft6kWBBcqh0UA==
  /minimist/1.2.5:
    dev: true
    resolution:
      integrity: sha512-FM9nNUYrRBAELZQT3xeZQ7fmMOBg6nWNmJKTcgsJeaLstP/UODVpGsr5OhXhhXg6f+qtJ8uiZ+PUxkDWcgIXLw==
  /modern-normalize/1.0.0:
    dev: true
    engines:
      node: '>=6'
    resolution:
      integrity: sha512-1lM+BMLGuDfsdwf3rsgBSrxJwAZHFIrQ8YR61xIqdHo0uNKI9M52wNpHSrliZATJp51On6JD0AfRxd4YGSU0lw==
  /mri/1.1.6:
    dev: true
    engines:
      node: '>=4'
    resolution:
      integrity: sha512-oi1b3MfbyGa7FJMP9GmLTttni5JoICpYBRlq+x5V16fZbLsnL9N3wFqqIm/nIG43FjUFkFh9Epzp/kzUGUnJxQ==
  /nanoid/3.1.20:
    dev: true
    engines:
      node: ^10 || ^12 || ^13.7 || ^14 || >=15.0.1
    hasBin: true
    resolution:
      integrity: sha512-a1cQNyczgKbLX9jwbS/+d7W8fX/RfgYR7lVWwWOGIPNgK2m0MWvrGF6/m4kk6U3QcFMnZf3RIhL0v2Jgh/0Uxw==
  /node-emoji/1.10.0:
    dependencies:
      lodash.toarray: 4.4.0
    dev: true
    resolution:
      integrity: sha512-Yt3384If5H6BYGVHiHwTL+99OzJKHhgp82S8/dktEK73T26BazdgZ4JZh92xSVtGNJvz9UbXdNAc5hcrXV42vw==
  /node-releases/1.1.67:
    dev: true
    resolution:
      integrity: sha512-V5QF9noGFl3EymEwUYzO+3NTDpGfQB4ve6Qfnzf3UNydMhjQRVPR1DZTuvWiLzaFJYw2fmDwAfnRNEVb64hSIg==
  /normalize-path/3.0.0:
    dev: true
    engines:
      node: '>=0.10.0'
    resolution:
      integrity: sha512-6eZs5Ls3WtCisHWp9S2GUy8dqkpGi4BVSz3GaqiE6ezub0512ESztXUwUB6C6IKbQkY2Pnb/mD4WYojCRwcwLA==
  /normalize-range/0.1.2:
    dev: true
    engines:
      node: '>=0.10.0'
    resolution:
      integrity: sha1-LRDAa9/TEuqXd2laTShDlFa3WUI=
  /object-assign/4.1.1:
    dev: true
    engines:
      node: '>=0.10.0'
    resolution:
      integrity: sha1-IQmtx5ZYh8/AXLvUQsrIv7s2CGM=
  /object-hash/2.0.3:
    dev: true
    engines:
      node: '>= 6'
    resolution:
      integrity: sha512-JPKn0GMu+Fa3zt3Bmr66JhokJU5BaNBIh4ZeTlaCBzrBsOeXzwcKKAK1tbLiPKgvwmPXsDvvLHoWh5Bm7ofIYg==
  /once/1.4.0:
    dependencies:
      wrappy: 1.0.2
    dev: true
    resolution:
      integrity: sha1-WDsap3WWHUsROsF9nFC6753Xa9E=
  /opts/2.0.2:
    dev: true
    resolution:
      integrity: sha512-k41FwbcLnlgnFh69f4qdUfvDQ+5vaSDnVPFI/y5XuhKRq97EnVVneO9F1ESVCdiVu4fCS2L8usX3mU331hB7pg==
  /path-is-absolute/1.0.1:
    dev: true
    engines:
      node: '>=0.10.0'
    resolution:
      integrity: sha1-F0uSaHNVNP+8es5r9TpanhtcX18=
  /path-parse/1.0.6:
    dev: true
    resolution:
      integrity: sha512-GSmOT2EbHrINBf9SR7CDELwlJ8AENk3Qn7OikK4nFYAu3Ote2+JYNVvkpAEQm3/TLNEJFD/xZJjzyxg3KBWOzw==
  /picomatch/2.2.2:
    dev: true
    engines:
      node: '>=8.6'
    resolution:
      integrity: sha512-q0M/9eZHzmr0AulXyPwNfZjtwZ/RBZlbN3K3CErVrk50T2ASYI7Bye0EvekFY3IP1Nt2DHu0re+V2ZHIpMkuWg==
  /postcss-functions/3.0.0:
    dependencies:
      glob: 7.1.6
      object-assign: 4.1.1
      postcss: 6.0.23
      postcss-value-parser: 3.3.1
    dev: true
    resolution:
      integrity: sha1-DpTQFERwCkgd4g3k1V+yZAVkJQ4=
  /postcss-js/3.0.3:
    dependencies:
      camelcase-css: 2.0.1
      postcss: 8.2.1
    dev: true
    engines:
      node: '>=10.0'
    resolution:
      integrity: sha512-gWnoWQXKFw65Hk/mi2+WTQTHdPD5UJdDXZmX073EY/B3BWnYjO4F4t0VneTCnCGQ5E5GsCdMkzPaTXwl3r5dJw==
  /postcss-nested/5.0.3_postcss@8.2.1:
    dependencies:
      postcss: 8.2.1
      postcss-selector-parser: 6.0.4
    dev: true
    engines:
      node: '>=10.0'
    peerDependencies:
      postcss: ^8.1.13
    resolution:
      integrity: sha512-R2LHPw+u5hFfDgJG748KpGbJyTv7Yr33/2tIMWxquYuHTd9EXu27PYnKi7BxMXLtzKC0a0WVsqHtd7qIluQu/g==
  /postcss-selector-parser/6.0.4:
    dependencies:
      cssesc: 3.0.0
      indexes-of: 1.0.1
      uniq: 1.0.1
      util-deprecate: 1.0.2
    dev: true
    engines:
      node: '>=4'
    resolution:
      integrity: sha512-gjMeXBempyInaBqpp8gODmwZ52WaYsVOsfr4L4lDQ7n3ncD6mEyySiDtgzCT+NYC0mmeOLvtsF8iaEf0YT6dBw==
  /postcss-value-parser/3.3.1:
    dev: true
    resolution:
      integrity: sha512-pISE66AbVkp4fDQ7VHBwRNXzAAKJjw4Vw7nWI/+Q3vuly7SNfgYXvm6i5IgFylHGK5sP/xHAbB7N49OS4gWNyQ==
  /postcss-value-parser/4.1.0:
    dev: true
    resolution:
      integrity: sha512-97DXOFbQJhk71ne5/Mt6cOu6yxsSfM0QGQyl0L25Gca4yGWEGJaig7l7gbCX623VqTBNGLRLaVUCnNkcedlRSQ==
  /postcss/6.0.23:
    dependencies:
      chalk: 2.4.2
      source-map: 0.6.1
      supports-color: 5.5.0
    dev: true
    engines:
      node: '>=4.0.0'
    resolution:
      integrity: sha512-soOk1h6J3VMTZtVeVpv15/Hpdl2cBLX3CAw4TAbkpTJiNPk9YP/zWcD1ND+xEtvyuuvKzbxliTOIyvkSeSJ6ag==
  /postcss/7.0.32:
    dependencies:
      chalk: 2.4.2
      source-map: 0.6.1
      supports-color: 6.1.0
    dev: true
    engines:
      node: '>=6.0.0'
    resolution:
      integrity: sha512-03eXong5NLnNCD05xscnGKGDZ98CyzoqPSMjOe6SuoQY7Z2hIj0Ld1g/O/UQRuOle2aRtiIRDg9tDcTGAkLfKw==
  /postcss/8.2.1:
    dependencies:
      colorette: 1.2.1
      nanoid: 3.1.20
      source-map: 0.6.1
    dev: true
    engines:
      node: ^10 || ^12 || >=14
    resolution:
      integrity: sha512-RhsqOOAQzTgh1UB/IZdca7F9WDb7SUCR2Vnv1x7DbvuuggQIpoDwjK+q0rzoPffhYvWNKX5JSwS4so4K3UC6vA==
  /pretty-hrtime/1.0.3:
    dev: true
    engines:
      node: '>= 0.8'
    resolution:
      integrity: sha1-t+PqQkNaTJsnWdmeDyAesZWALuE=
  /prismjs/1.22.0:
    dev: false
    optionalDependencies:
      clipboard: 2.0.6
    resolution:
      integrity: sha512-lLJ/Wt9yy0AiSYBf212kK3mM5L8ycwlyTlSxHBAneXLR0nzFMlZ5y7riFPF3E33zXOF2IH95xdY5jIyZbM9z/w==
  /purgecss/3.0.0:
    dependencies:
      commander: 6.2.0
      glob: 7.1.6
      postcss: 7.0.32
      postcss-selector-parser: 6.0.4
    dev: true
    hasBin: true
    resolution:
      integrity: sha512-t3FGCwyX9XWV3ffvnAXTw6Y3Z9kNlcgm14VImNK66xKi5sdqxSA2I0SFYxtmZbAKuIZVckPdazw5iKL/oY/2TA==
  /randombytes/2.1.0:
    dependencies:
      safe-buffer: 5.2.1
    dev: true
    resolution:
      integrity: sha512-vYl3iOX+4CKUWuxGi9Ukhie6fsqXqS9FE2Zaic4tNFD2N2QQaXOMFbuKK4QmDHC0JO6B1Zp41J0LpT0oR68amQ==
  /readdirp/3.5.0:
    dependencies:
      picomatch: 2.2.2
    dev: true
    engines:
      node: '>=8.10.0'
    resolution:
      integrity: sha512-cMhu7c/8rdhkHXWsY+osBhfSy0JikwpHK/5+imo+LpeasTF8ouErHrlYkwT0++njiyuDvc7OFY5T3ukvZ8qmFQ==
  /reduce-css-calc/2.1.7:
    dependencies:
      css-unit-converter: 1.1.2
      postcss-value-parser: 3.3.1
    dev: true
    resolution:
      integrity: sha512-fDnlZ+AybAS3C7Q9xDq5y8A2z+lT63zLbynew/lur/IR24OQF5x98tfNwf79mzEdfywZ0a2wpM860FhFfMxZlA==
  /regexparam/1.3.0:
    dev: false
    engines:
      node: '>=6'
    resolution:
      integrity: sha512-6IQpFBv6e5vz1QAqI+V4k8P2e/3gRrqfCJ9FI+O1FLQTO+Uz6RXZEZOPmTJ6hlGj7gkERzY5BRCv09whKP96/g==
  /require-relative/0.8.7:
    dev: true
    resolution:
      integrity: sha1-eZlTn8ngR6N5KPoZb44VY9q9Nt4=
  /resolve/1.19.0:
    dependencies:
      is-core-module: 2.2.0
      path-parse: 1.0.6
    dev: true
    resolution:
      integrity: sha512-rArEXAgsBG4UgRGcynxWIWKFvh/XZCcS8UJdHhwy91zwAvCZIbcs+vAbflgBnNjYMs/i/i+/Ux6IZhML1yPvxg==
  /rollup-plugin-css-only/3.0.0_rollup@2.34.2:
    dependencies:
      '@rollup/pluginutils': 4.1.0_rollup@2.34.2
      rollup: 2.34.2
    dev: true
    engines:
      node: '>=10.12.0'
    peerDependencies:
      rollup: 1 || 2
    resolution:
      integrity: sha512-v6ZZuApxXl/Z07jAmH+p5HsLPMW2BHIRJ4Tpxv22S+jpINZ1QFxWoeMDMyFDd+XM1jFcQeshkjuD8xUVOJJG7Q==
  /rollup-plugin-inject/3.0.2:
    dependencies:
      estree-walker: 0.6.1
      magic-string: 0.25.7
      rollup-pluginutils: 2.8.2
    deprecated: This package has been deprecated and is no longer maintained. Please use @rollup/plugin-inject.
    dev: true
    resolution:
      integrity: sha512-ptg9PQwzs3orn4jkgXJ74bfs5vYz1NCZlSQMBUA0wKcGp5i5pA1AO3fOUEte8enhGUC+iapTCzEWw2jEFFUO/w==
  /rollup-plugin-livereload/2.0.0:
    dependencies:
      livereload: 0.9.1
    dev: true
    engines:
      node: '>=8.3'
    resolution:
      integrity: sha512-oC/8NqumGYuphkqrfszOHUUIwzKsaHBICw6QRwT5uD07gvePTS+HW+GFwu6f9K8W02CUuTvtIM9AWJrbj4wE1A==
  /rollup-plugin-node-polyfills/0.2.1:
    dependencies:
      rollup-plugin-inject: 3.0.2
    dev: true
    resolution:
      integrity: sha512-4kCrKPTJ6sK4/gLL/U5QzVT8cxJcofO0OU74tnB19F40cmuAKSzH5/siithxlofFEjwvw1YAhPmbvGNA6jEroA==
  /rollup-plugin-svelte/7.0.0_rollup@2.34.2+svelte@3.31.0:
    dependencies:
      require-relative: 0.8.7
      rollup: 2.34.2
      rollup-pluginutils: 2.8.2
      svelte: 3.31.0
    dev: true
    engines:
      node: '>=10'
    peerDependencies:
      rollup: '>=2.0.0'
      svelte: '>=3.5.0'
    resolution:
      integrity: sha512-cw4yv/5v1NQV3nPbpOJtikgkB+9mfSJaqKUdq7x5fVQJnwLtcdc2JOszBs5pBY+SemTs5pmJbdEMseEavbUtjQ==
  /rollup-plugin-terser/7.0.2_rollup@2.34.2:
    dependencies:
      '@babel/code-frame': 7.10.4
      jest-worker: 26.6.2
      rollup: 2.34.2
      serialize-javascript: 4.0.0
      terser: 5.5.1
    dev: true
    peerDependencies:
      rollup: ^2.0.0
    resolution:
      integrity: sha512-w3iIaU4OxcF52UUXiZNsNeuXIMDvFrr+ZXK6bFZ0Q60qyVfq4uLptoS4bbq3paG3x216eQllFZX7zt6TIImguQ==
  /rollup-pluginutils/2.8.2:
    dependencies:
      estree-walker: 0.6.1
    dev: true
    resolution:
      integrity: sha512-EEp9NhnUkwY8aif6bxgovPHMoMoNr2FulJziTndpt5H9RdwC47GSGuII9XxpSdzVGM0GWrNPHV6ie1LTNJPaLQ==
  /rollup/2.34.2:
    dev: true
    engines:
      node: '>=10.0.0'
    hasBin: true
    optionalDependencies:
      fsevents: 2.1.3
    resolution:
      integrity: sha512-mvtQLqu3cNeoctS+kZ09iOPxrc1P1/Bt1z15enuQ5feyKOdM3MJAVFjjsygurDpSWn530xB4AlA83TWIzRstXA==
  /sade/1.7.4:
    dependencies:
      mri: 1.1.6
    dev: true
    engines:
      node: '>= 6'
    resolution:
      integrity: sha512-y5yauMD93rX840MwUJr7C1ysLFBgMspsdTo4UVrDg3fXDvtwOyIqykhVAAm6fk/3au77773itJStObgK+LKaiA==
  /safe-buffer/5.2.1:
    dev: true
    resolution:
      integrity: sha512-rp3So07KcdmmKbGvgaNxQSJr7bGVSVk5S9Eq1F+ppbRo70+YeaDxkw5Dd8NPN+GD6bjnYm2VuPuCXmpuYvmCXQ==
  /select/1.1.2:
    dev: false
    optional: true
    resolution:
      integrity: sha1-DnNQrN7ICxEIUoeG7B1EGNEbOW0=
  /semiver/1.1.0:
    dev: true
    engines:
      node: '>=6'
    resolution:
      integrity: sha512-QNI2ChmuioGC1/xjyYwyZYADILWyW6AmS1UH6gDj/SFUUUS4MBAWs/7mxnkRPc/F4iHezDP+O8t0dO8WHiEOdg==
  /serialize-javascript/4.0.0:
    dependencies:
      randombytes: 2.1.0
    dev: true
    resolution:
      integrity: sha512-GaNA54380uFefWghODBWEGisLZFj00nS5ACs6yHa9nLqlLpVLO8ChDGeKRjZnV4Nh4n0Qi7nhYZD/9fCPzEqkw==
  /simple-swizzle/0.2.2:
    dependencies:
      is-arrayish: 0.3.2
    dev: true
    resolution:
      integrity: sha1-pNprY1/8zMoz9w0Xy5JZLeleVXo=
  /sirv-cli/1.0.10:
    dependencies:
      console-clear: 1.1.1
      get-port: 3.2.0
      kleur: 3.0.3
      local-access: 1.1.0
      sade: 1.7.4
      semiver: 1.1.0
      sirv: 1.0.10
      tinydate: 1.3.0
    dev: true
    engines:
      node: '>= 10'
    hasBin: true
    resolution:
      integrity: sha512-8mLTRkvzpZXMyUZJ1whf84YHN/mm2r2+j5sU1ZYr5n2jA8VkFItNPk53oysOo+0QxBVp9aUjggkAsQp1d7L3OQ==
  /sirv/1.0.10:
    dependencies:
      '@polka/url': 1.0.0-next.11
      mime: 2.4.6
      totalist: 1.1.0
    dev: true
    engines:
      node: '>= 10'
    resolution:
      integrity: sha512-H5EZCoZaggEUQy8ocKsF7WAToGuZhjJlLvM3XOef46CbdIgbNeQ1p32N1PCuCjkVYwrAVOSMacN6CXXgIzuspg==
  /source-map-support/0.5.19:
    dependencies:
      buffer-from: 1.1.1
      source-map: 0.6.1
    dev: true
    resolution:
      integrity: sha512-Wonm7zOCIJzBGQdB+thsPar0kYuCIzYvxZwlBa87yi/Mdjv7Tip2cyVbLj5o0cFPN4EVkuTwb3GDDyUx2DGnGw==
  /source-map/0.6.1:
    dev: true
    engines:
      node: '>=0.10.0'
    resolution:
      integrity: sha512-UjgapumWlbMhkBgzT7Ykc5YXUT46F0iKu8SGXq0bcwP5dz/h0Plj6enJqjz1Zbq2l5WaqYnrVbwWOWMyF3F47g==
  /source-map/0.7.3:
    dev: true
    engines:
      node: '>= 8'
    resolution:
      integrity: sha512-CkCj6giN3S+n9qrYiBTX5gystlENnRW5jZeNLHpe6aue+SrHcG5VYwujhW9s4dY31mEGsxBDrHR6oI69fTXsaQ==
  /sourcemap-codec/1.4.8:
    dev: true
    resolution:
      integrity: sha512-9NykojV5Uih4lgo5So5dtw+f0JgJX30KCNI8gwhz2J9A15wD0Ml6tjHKwf6fTSa6fAdVBdZeNOs9eJ71qCk8vA==
  /strip-indent/3.0.0:
    dependencies:
      min-indent: 1.0.1
    dev: true
    engines:
      node: '>=8'
    resolution:
      integrity: sha512-laJTa3Jb+VQpaC6DseHhF7dXVqHTfJPCRDaEbid/drOhgitgYku/letMUqOXFoWV0zIIUbjpdH2t+tYj4bQMRQ==
  /supports-color/5.5.0:
    dependencies:
      has-flag: 3.0.0
    dev: true
    engines:
      node: '>=4'
    resolution:
      integrity: sha512-QjVjwdXIt408MIiAqCX4oUKsgU2EqAGzs2Ppkm4aQYbjm+ZEWEcW4SfFNTr4uMNZma0ey4f5lgLrkB0aX0QMow==
  /supports-color/6.1.0:
    dependencies:
      has-flag: 3.0.0
    dev: true
    engines:
      node: '>=6'
    resolution:
      integrity: sha512-qe1jfm1Mg7Nq/NSh6XE24gPXROEVsWHxC1LIx//XNlD9iw7YZQGjZNjYN7xGaEG6iKdA8EtNFW6R0gjnVXp+wQ==
  /supports-color/7.2.0:
    dependencies:
      has-flag: 4.0.0
    dev: true
    engines:
      node: '>=8'
    resolution:
      integrity: sha512-qpCAvRl9stuOHveKsn7HncJRvv501qIacKzQlO/+Lwxc9+0q2wLyv4Dfvt80/DPn2pqOBsJdDiogXGR9+OvwRw==
  /svelte-preprocess/4.6.1_postcss@8.2.1+svelte@3.31.0:
    dependencies:
      '@types/pug': 2.0.4
      '@types/sass': 1.16.0
      detect-indent: 6.0.0
      postcss: 8.2.1
      strip-indent: 3.0.0
      svelte: 3.31.0
    dev: true
    engines:
      node: '>= 9.11.2'
    peerDependencies:
      '@babel/core': ^7.10.2
      coffeescript: ^2.5.1
      less: ^3.11.3
      node-sass: '*'
      postcss: ^7 || ^8
      postcss-load-config: ^2.1.0
      pug: ^3.0.0
      sass: ^1.26.8
      stylus: ^0.54.7
      sugarss: ^2.0.0
      svelte: ^3.23.0
      typescript: ^3.9.5 || ^4.0.0
    peerDependenciesMeta:
      '@babel/core':
        optional: true
      coffeescript:
        optional: true
      less:
        optional: true
      node-sass:
        optional: true
      postcss:
        optional: true
      postcss-load-config:
        optional: true
      pug:
        optional: true
      sass:
        optional: true
      stylus:
        optional: true
      sugarss:
        optional: true
      typescript:
        optional: true
    requiresBuild: true
    resolution:
      integrity: sha512-s7KdhR2pOsffyOzZIMEb315f6pfgeDnOWN47m6YKFeSEx3NMf/79Znc3vuG/Ai79SL/vsi86WDrjFPLGRfDesg==
  /svelte-spa-router/3.1.0:
    dependencies:
      regexparam: 1.3.0
    dev: false
    resolution:
      integrity: sha512-jlM/xwjn57mylr+pzHYCOOy+IPQauT46gOucNGTBu6jHcFXu3F+oaojN4PXC1LYizRGxFB6QA0qnYbZnRfX7Sg==
  /svelte/3.31.0:
    dev: true
    engines:
      node: '>= 8'
    resolution:
      integrity: sha512-r+n8UJkDqoQm1b+3tA3Lh6mHXKpcfOSOuEuIo5gE2W9wQYi64RYX/qE6CZBDDsP/H4M+N426JwY7XGH4xASvGQ==
  /tailwindcss/2.0.2_80f3d67eed96b2b2e18887ea575f44dd:
    dependencies:
      '@fullhuman/postcss-purgecss': 3.0.0
      autoprefixer: 10.1.0_postcss@8.2.1
      bytes: 3.1.0
      chalk: 4.1.0
      color: 3.1.3
      detective: 5.2.0
      didyoumean: 1.2.1
      fs-extra: 9.0.1
      html-tags: 3.1.0
      lodash: 4.17.20
      modern-normalize: 1.0.0
      node-emoji: 1.10.0
      object-hash: 2.0.3
      postcss: 8.2.1
      postcss-functions: 3.0.0
      postcss-js: 3.0.3
      postcss-nested: 5.0.3_postcss@8.2.1
      postcss-selector-parser: 6.0.4
      postcss-value-parser: 4.1.0
      pretty-hrtime: 1.0.3
      reduce-css-calc: 2.1.7
      resolve: 1.19.0
    dev: true
    engines:
      node: '>=12.13.0'
    hasBin: true
    peerDependencies:
      autoprefixer: ^10.0.2
      postcss: ^8.0.9
    resolution:
      integrity: sha512-nO9JRE1pO7SF9RnYAl6g7uzeHdrmKAFqNjT9NtZUfxqimJZAOOLOEyIEUiMq12+xIc7mC2Ey3Vf90XjHpWKfbw==
  /terser/5.5.1:
    dependencies:
      commander: 2.20.3
      source-map: 0.7.3
      source-map-support: 0.5.19
    dev: true
    engines:
      node: '>=10'
    hasBin: true
    resolution:
      integrity: sha512-6VGWZNVP2KTUcltUQJ25TtNjx/XgdDsBDKGt8nN0MpydU36LmbPPcMBd2kmtZNNGVVDLg44k7GKeHHj+4zPIBQ==
  /tiny-emitter/2.1.0:
    dev: false
    optional: true
    resolution:
      integrity: sha512-NB6Dk1A9xgQPMoGqC5CVXn123gWyte215ONT5Pp5a0yt4nlEoO1ZWeCwpncaekPHXO60i47ihFnZPiRPjRMq4Q==
  /tinydate/1.3.0:
    dev: true
    engines:
      node: '>=4'
    resolution:
      integrity: sha512-7cR8rLy2QhYHpsBDBVYnnWXm8uRTr38RoZakFSW7Bs7PzfMPNZthuMLkwqZv7MTu8lhQ91cOFYS5a7iFj2oR3w==
  /to-regex-range/5.0.1:
    dependencies:
      is-number: 7.0.0
    dev: true
    engines:
      node: '>=8.0'
    resolution:
      integrity: sha512-65P7iz6X5yEr1cwcgvQxbbIw7Uk3gOy5dIdtZ4rDveLqhrdJP+Li/Hx6tyK0NEb+2GCyneCMJiGqrADCSNk8sQ==
  /totalist/1.1.0:
    dev: true
    engines:
      node: '>=6'
    resolution:
      integrity: sha512-gduQwd1rOdDMGxFG1gEvhV88Oirdo2p+KjoYFU7k2g+i7n6AFFbDQ5kMPUsW0pNbfQsB/cwXvT1i4Bue0s9g5g==
  /uniq/1.0.1:
    dev: true
    resolution:
      integrity: sha1-sxxa6CVIRKOoKBVBzisEuGWnNP8=
  /unist-util-stringify-position/2.0.3:
    dependencies:
      '@types/unist': 2.0.3
    dev: false
    resolution:
      integrity: sha512-3faScn5I+hy9VleOq/qNbAd6pAx7iH5jYBMS9I1HgQVijz/4mv5Bvw5iw1sC/90CODiKo81G/ps8AJrISn687g==
  /universalify/1.0.0:
    dev: true
    engines:
      node: '>= 10.0.0'
    resolution:
      integrity: sha512-rb6X1W158d7pRQBg5gkR8uPaSfiids68LTJQYOtEUhoJUWBdaQHsuT/EUduxXYxcrt4r5PJ4fuHW1MHT6p0qug==
  /universalify/2.0.0:
    dev: true
    engines:
      node: '>= 10.0.0'
    resolution:
      integrity: sha512-hAZsKq7Yy11Zu1DE0OzWjw7nnLZmJZYTDZZyEFHZdUhV8FkH5MCfoU1XMaxXovpyW5nq5scPqq0ZDP9Zyl04oQ==
  /util-deprecate/1.0.2:
    dev: true
    resolution:
      integrity: sha1-RQ1Nyfpw3nMnYvvS1KKJgUGaDM8=
  /vfile-message/2.0.4:
    dependencies:
      '@types/unist': 2.0.3
      unist-util-stringify-position: 2.0.3
    dev: false
    resolution:
      integrity: sha512-DjssxRGkMvifUOJre00juHoP9DPWuzjxKuMDrhNbk2TdaYYBNMStsNhEOt3idrtI12VQYM/1+iM0KOzXi4pxwQ==
  /wrappy/1.0.2:
    dev: true
    resolution:
      integrity: sha1-tSQ9jz7BqjXxNkYFvA0QNuMKtp8=
  /ws/6.2.1:
    dependencies:
      async-limiter: 1.0.1
    dev: true
    resolution:
      integrity: sha512-GIyAXC2cB7LjvpgMt9EKS2ldqr0MTrORaleiOno6TweZ6r3TKtoFQWay/2PceJ3RuBasOHzXNn5Lrw1X0bEjqA==
  /xtend/4.0.2:
    dev: true
    engines:
      node: '>=0.4'
    resolution:
      integrity: sha512-LKYU1iAXJXUgAXn9URjiu+MWhyUXHsvfp7mcuYm9dSUKK0/CjtrUwFAxD82/mCWbtLsGjFIad0wIsod4zrTAEQ==
specifiers:
  '@mmmapper/components': ../
  '@rollup/plugin-commonjs': ^17.0.0
  '@rollup/plugin-node-resolve': ^11.0.0
  autoprefixer: ^10.1.0
  mdsvex: ^0.8.9
  postcss: ^8.2.0
  rollup: ^2.34.2
  rollup-plugin-css-only: ^3.0.0
  rollup-plugin-livereload: ^2.0.0
  rollup-plugin-node-polyfills: ^0.2.1
  rollup-plugin-svelte: ^7.0.0
  rollup-plugin-terser: ^7.0.2
  sirv-cli: ^1.0.10
  svelte: ^3.31.0
  svelte-preprocess: ^4.6.1
  svelte-spa-router: ^3.1.0
  tailwindcss: ^2.0.1
